// !$*UTF8*$!
{
	archiveVersion = 1;
	classes = {
	};
	objectVersion = 55;
	objects = {

/* Begin PBXBuildFile section */
		791CE0A9BC3F3D6267BA6ACE /* Pods_flixTests.framework in Frameworks */ = {isa = PBXBuildFile; fileRef = FB4A044D2D43BC1B688AD6CD /* Pods_flixTests.framework */; };
		7CDDAF7E3A8A2508546C702E /* Pods_flix.framework in Frameworks */ = {isa = PBXBuildFile; fileRef = 08FCA7B32C9B889A950C1684 /* Pods_flix.framework */; };
		91EBD9AF444CFCC100B50709 /* Pods_flix_flixUITests.framework in Frameworks */ = {isa = PBXBuildFile; fileRef = 5D72162A3ED4AB5A62BEDDA9 /* Pods_flix_flixUITests.framework */; };
		CAD7971928D6783700AC0C57 /* AppDelegate.swift in Sources */ = {isa = PBXBuildFile; fileRef = CAD7971828D6783700AC0C57 /* AppDelegate.swift */; };
		CAD7971B28D6783700AC0C57 /* SceneDelegate.swift in Sources */ = {isa = PBXBuildFile; fileRef = CAD7971A28D6783700AC0C57 /* SceneDelegate.swift */; };
		CAD7971D28D6783700AC0C57 /* ViewController.swift in Sources */ = {isa = PBXBuildFile; fileRef = CAD7971C28D6783700AC0C57 /* ViewController.swift */; };
		CAD7972028D6783700AC0C57 /* Main.storyboard in Resources */ = {isa = PBXBuildFile; fileRef = CAD7971E28D6783700AC0C57 /* Main.storyboard */; };
		CAD7972228D6783900AC0C57 /* Assets.xcassets in Resources */ = {isa = PBXBuildFile; fileRef = CAD7972128D6783900AC0C57 /* Assets.xcassets */; };
		CAD7972528D6783900AC0C57 /* LaunchScreen.storyboard in Resources */ = {isa = PBXBuildFile; fileRef = CAD7972328D6783900AC0C57 /* LaunchScreen.storyboard */; };
		CAD7973028D6783900AC0C57 /* flixTests.swift in Sources */ = {isa = PBXBuildFile; fileRef = CAD7972F28D6783900AC0C57 /* flixTests.swift */; };
		CAD7973A28D6783900AC0C57 /* flixUITests.swift in Sources */ = {isa = PBXBuildFile; fileRef = CAD7973928D6783900AC0C57 /* flixUITests.swift */; };
		CAD7973C28D6783900AC0C57 /* flixUITestsLaunchTests.swift in Sources */ = {isa = PBXBuildFile; fileRef = CAD7973B28D6783900AC0C57 /* flixUITestsLaunchTests.swift */; };
		CAD7974928D6868A00AC0C57 /* MovieCell.swift in Sources */ = {isa = PBXBuildFile; fileRef = CAD7974828D6868A00AC0C57 /* MovieCell.swift */; };
		CAD7974C28D68AC900AC0C57 /* AlamofireImage in Frameworks */ = {isa = PBXBuildFile; productRef = CAD7974B28D68AC900AC0C57 /* AlamofireImage */; };
		CAD7974F28D68B0A00AC0C57 /* AlamofireImage in Frameworks */ = {isa = PBXBuildFile; productRef = CAD7974E28D68B0A00AC0C57 /* AlamofireImage */; };
/* End PBXBuildFile section */

/* Begin PBXContainerItemProxy section */
		CAD7972C28D6783900AC0C57 /* PBXContainerItemProxy */ = {
			isa = PBXContainerItemProxy;
			containerPortal = CAD7970D28D6783700AC0C57 /* Project object */;
			proxyType = 1;
			remoteGlobalIDString = CAD7971428D6783700AC0C57;
			remoteInfo = flix;
		};
		CAD7973628D6783900AC0C57 /* PBXContainerItemProxy */ = {
			isa = PBXContainerItemProxy;
			containerPortal = CAD7970D28D6783700AC0C57 /* Project object */;
			proxyType = 1;
			remoteGlobalIDString = CAD7971428D6783700AC0C57;
			remoteInfo = flix;
		};
/* End PBXContainerItemProxy section */

/* Begin PBXFileReference section */
		08FCA7B32C9B889A950C1684 /* Pods_flix.framework */ = {isa = PBXFileReference; explicitFileType = wrapper.framework; includeInIndex = 0; path = Pods_flix.framework; sourceTree = BUILT_PRODUCTS_DIR; };
		55FACFAB85320F6B6907F7C0 /* Pods-flix-flixUITests.debug.xcconfig */ = {isa = PBXFileReference; includeInIndex = 1; lastKnownFileType = text.xcconfig; name = "Pods-flix-flixUITests.debug.xcconfig"; path = "Target Support Files/Pods-flix-flixUITests/Pods-flix-flixUITests.debug.xcconfig"; sourceTree = "<group>"; };
		5D72162A3ED4AB5A62BEDDA9 /* Pods_flix_flixUITests.framework */ = {isa = PBXFileReference; explicitFileType = wrapper.framework; includeInIndex = 0; path = Pods_flix_flixUITests.framework; sourceTree = BUILT_PRODUCTS_DIR; };
		674EBA4A3DB0F4D282C18532 /* Pods-flix.release.xcconfig */ = {isa = PBXFileReference; includeInIndex = 1; lastKnownFileType = text.xcconfig; name = "Pods-flix.release.xcconfig"; path = "Target Support Files/Pods-flix/Pods-flix.release.xcconfig"; sourceTree = "<group>"; };
		7E90C3580CC132E3BFD3D841 /* Pods-flix-flixUITests.release.xcconfig */ = {isa = PBXFileReference; includeInIndex = 1; lastKnownFileType = text.xcconfig; name = "Pods-flix-flixUITests.release.xcconfig"; path = "Target Support Files/Pods-flix-flixUITests/Pods-flix-flixUITests.release.xcconfig"; sourceTree = "<group>"; };
		A264EE6C446D98C4D93E387B /* Pods-flixTests.debug.xcconfig */ = {isa = PBXFileReference; includeInIndex = 1; lastKnownFileType = text.xcconfig; name = "Pods-flixTests.debug.xcconfig"; path = "Target Support Files/Pods-flixTests/Pods-flixTests.debug.xcconfig"; sourceTree = "<group>"; };
		B2DCDEA4F8D12E2C7C3C3CBF /* Pods-flix.debug.xcconfig */ = {isa = PBXFileReference; includeInIndex = 1; lastKnownFileType = text.xcconfig; name = "Pods-flix.debug.xcconfig"; path = "Target Support Files/Pods-flix/Pods-flix.debug.xcconfig"; sourceTree = "<group>"; };
		C7524632A1E0351E655B31AA /* Pods-flixTests.release.xcconfig */ = {isa = PBXFileReference; includeInIndex = 1; lastKnownFileType = text.xcconfig; name = "Pods-flixTests.release.xcconfig"; path = "Target Support Files/Pods-flixTests/Pods-flixTests.release.xcconfig"; sourceTree = "<group>"; };
		CAD7971528D6783700AC0C57 /* flix.app */ = {isa = PBXFileReference; explicitFileType = wrapper.application; includeInIndex = 0; path = flix.app; sourceTree = BUILT_PRODUCTS_DIR; };
		CAD7971828D6783700AC0C57 /* AppDelegate.swift */ = {isa = PBXFileReference; lastKnownFileType = sourcecode.swift; path = AppDelegate.swift; sourceTree = "<group>"; };
		CAD7971A28D6783700AC0C57 /* SceneDelegate.swift */ = {isa = PBXFileReference; lastKnownFileType = sourcecode.swift; path = SceneDelegate.swift; sourceTree = "<group>"; };
		CAD7971C28D6783700AC0C57 /* ViewController.swift */ = {isa = PBXFileReference; lastKnownFileType = sourcecode.swift; path = ViewController.swift; sourceTree = "<group>"; };
		CAD7971F28D6783700AC0C57 /* Base */ = {isa = PBXFileReference; lastKnownFileType = file.storyboard; name = Base; path = Base.lproj/Main.storyboard; sourceTree = "<group>"; };
		CAD7972128D6783900AC0C57 /* Assets.xcassets */ = {isa = PBXFileReference; lastKnownFileType = folder.assetcatalog; path = Assets.xcassets; sourceTree = "<group>"; };
		CAD7972428D6783900AC0C57 /* Base */ = {isa = PBXFileReference; lastKnownFileType = file.storyboard; name = Base; path = Base.lproj/LaunchScreen.storyboard; sourceTree = "<group>"; };
		CAD7972628D6783900AC0C57 /* Info.plist */ = {isa = PBXFileReference; lastKnownFileType = text.plist.xml; path = Info.plist; sourceTree = "<group>"; };
		CAD7972B28D6783900AC0C57 /* flixTests.xctest */ = {isa = PBXFileReference; explicitFileType = wrapper.cfbundle; includeInIndex = 0; path = flixTests.xctest; sourceTree = BUILT_PRODUCTS_DIR; };
		CAD7972F28D6783900AC0C57 /* flixTests.swift */ = {isa = PBXFileReference; lastKnownFileType = sourcecode.swift; path = flixTests.swift; sourceTree = "<group>"; };
		CAD7973528D6783900AC0C57 /* flixUITests.xctest */ = {isa = PBXFileReference; explicitFileType = wrapper.cfbundle; includeInIndex = 0; path = flixUITests.xctest; sourceTree = BUILT_PRODUCTS_DIR; };
		CAD7973928D6783900AC0C57 /* flixUITests.swift */ = {isa = PBXFileReference; lastKnownFileType = sourcecode.swift; path = flixUITests.swift; sourceTree = "<group>"; };
		CAD7973B28D6783900AC0C57 /* flixUITestsLaunchTests.swift */ = {isa = PBXFileReference; lastKnownFileType = sourcecode.swift; path = flixUITestsLaunchTests.swift; sourceTree = "<group>"; };
		CAD7974828D6868A00AC0C57 /* MovieCell.swift */ = {isa = PBXFileReference; lastKnownFileType = sourcecode.swift; path = MovieCell.swift; sourceTree = "<group>"; };
		FB4A044D2D43BC1B688AD6CD /* Pods_flixTests.framework */ = {isa = PBXFileReference; explicitFileType = wrapper.framework; includeInIndex = 0; path = Pods_flixTests.framework; sourceTree = BUILT_PRODUCTS_DIR; };
/* End PBXFileReference section */

/* Begin PBXFrameworksBuildPhase section */
		CAD7971228D6783700AC0C57 /* Frameworks */ = {
			isa = PBXFrameworksBuildPhase;
			buildActionMask = 2147483647;
			files = (
				CAD7974C28D68AC900AC0C57 /* AlamofireImage in Frameworks */,
				CAD7974F28D68B0A00AC0C57 /* AlamofireImage in Frameworks */,
				7CDDAF7E3A8A2508546C702E /* Pods_flix.framework in Frameworks */,
			);
			runOnlyForDeploymentPostprocessing = 0;
		};
		CAD7972828D6783900AC0C57 /* Frameworks */ = {
			isa = PBXFrameworksBuildPhase;
			buildActionMask = 2147483647;
			files = (
				791CE0A9BC3F3D6267BA6ACE /* Pods_flixTests.framework in Frameworks */,
			);
			runOnlyForDeploymentPostprocessing = 0;
		};
		CAD7973228D6783900AC0C57 /* Frameworks */ = {
			isa = PBXFrameworksBuildPhase;
			buildActionMask = 2147483647;
			files = (
				91EBD9AF444CFCC100B50709 /* Pods_flix_flixUITests.framework in Frameworks */,
			);
			runOnlyForDeploymentPostprocessing = 0;
		};
/* End PBXFrameworksBuildPhase section */

/* Begin PBXGroup section */
		1527064B7D015F79EB08DEAE /* Pods */ = {
			isa = PBXGroup;
			children = (
				B2DCDEA4F8D12E2C7C3C3CBF /* Pods-flix.debug.xcconfig */,
				674EBA4A3DB0F4D282C18532 /* Pods-flix.release.xcconfig */,
				55FACFAB85320F6B6907F7C0 /* Pods-flix-flixUITests.debug.xcconfig */,
				7E90C3580CC132E3BFD3D841 /* Pods-flix-flixUITests.release.xcconfig */,
				A264EE6C446D98C4D93E387B /* Pods-flixTests.debug.xcconfig */,
				C7524632A1E0351E655B31AA /* Pods-flixTests.release.xcconfig */,
			);
			name = Pods;
			path = Pods;
			sourceTree = "<group>";
		};
		54750F3073252E3517689C48 /* Frameworks */ = {
			isa = PBXGroup;
			children = (
				08FCA7B32C9B889A950C1684 /* Pods_flix.framework */,
				5D72162A3ED4AB5A62BEDDA9 /* Pods_flix_flixUITests.framework */,
				FB4A044D2D43BC1B688AD6CD /* Pods_flixTests.framework */,
			);
			name = Frameworks;
			sourceTree = "<group>";
		};
		CAD7970C28D6783700AC0C57 = {
			isa = PBXGroup;
			children = (
				CAD7971728D6783700AC0C57 /* flix */,
				CAD7972E28D6783900AC0C57 /* flixTests */,
				CAD7973828D6783900AC0C57 /* flixUITests */,
				CAD7971628D6783700AC0C57 /* Products */,
				1527064B7D015F79EB08DEAE /* Pods */,
				54750F3073252E3517689C48 /* Frameworks */,
			);
			sourceTree = "<group>";
		};
		CAD7971628D6783700AC0C57 /* Products */ = {
			isa = PBXGroup;
			children = (
				CAD7971528D6783700AC0C57 /* flix.app */,
				CAD7972B28D6783900AC0C57 /* flixTests.xctest */,
				CAD7973528D6783900AC0C57 /* flixUITests.xctest */,
			);
			name = Products;
			sourceTree = "<group>";
		};
		CAD7971728D6783700AC0C57 /* flix */ = {
			isa = PBXGroup;
			children = (
				CAD7971828D6783700AC0C57 /* AppDelegate.swift */,
				CAD7971A28D6783700AC0C57 /* SceneDelegate.swift */,
				CAD7971C28D6783700AC0C57 /* ViewController.swift */,
				CAD7971E28D6783700AC0C57 /* Main.storyboard */,
				CAD7974828D6868A00AC0C57 /* MovieCell.swift */,
				CAD7972128D6783900AC0C57 /* Assets.xcassets */,
				CAD7972328D6783900AC0C57 /* LaunchScreen.storyboard */,
				CAD7972628D6783900AC0C57 /* Info.plist */,
			);
			path = flix;
			sourceTree = "<group>";
		};
		CAD7972E28D6783900AC0C57 /* flixTests */ = {
			isa = PBXGroup;
			children = (
				CAD7972F28D6783900AC0C57 /* flixTests.swift */,
			);
			path = flixTests;
			sourceTree = "<group>";
		};
		CAD7973828D6783900AC0C57 /* flixUITests */ = {
			isa = PBXGroup;
			children = (
				CAD7973928D6783900AC0C57 /* flixUITests.swift */,
				CAD7973B28D6783900AC0C57 /* flixUITestsLaunchTests.swift */,
			);
			path = flixUITests;
			sourceTree = "<group>";
		};
/* End PBXGroup section */

/* Begin PBXNativeTarget section */
		CAD7971428D6783700AC0C57 /* flix */ = {
			isa = PBXNativeTarget;
			buildConfigurationList = CAD7973F28D6783900AC0C57 /* Build configuration list for PBXNativeTarget "flix" */;
			buildPhases = (
				2461A1079B8F530CDA3EF8E4 /* [CP] Check Pods Manifest.lock */,
				CAD7971128D6783700AC0C57 /* Sources */,
				CAD7971228D6783700AC0C57 /* Frameworks */,
				CAD7971328D6783700AC0C57 /* Resources */,
				C729B1439F80EB2779588C95 /* [CP] Embed Pods Frameworks */,
			);
			buildRules = (
			);
			dependencies = (
			);
			name = flix;
			packageProductDependencies = (
				CAD7974B28D68AC900AC0C57 /* AlamofireImage */,
				CAD7974E28D68B0A00AC0C57 /* AlamofireImage */,
			);
			productName = flix;
			productReference = CAD7971528D6783700AC0C57 /* flix.app */;
			productType = "com.apple.product-type.application";
		};
		CAD7972A28D6783900AC0C57 /* flixTests */ = {
			isa = PBXNativeTarget;
			buildConfigurationList = CAD7974228D6783900AC0C57 /* Build configuration list for PBXNativeTarget "flixTests" */;
			buildPhases = (
				0C1E9373409ECBDB2A54CBEB /* [CP] Check Pods Manifest.lock */,
				CAD7972728D6783900AC0C57 /* Sources */,
				CAD7972828D6783900AC0C57 /* Frameworks */,
				CAD7972928D6783900AC0C57 /* Resources */,
			);
			buildRules = (
			);
			dependencies = (
				CAD7972D28D6783900AC0C57 /* PBXTargetDependency */,
			);
			name = flixTests;
			productName = flixTests;
			productReference = CAD7972B28D6783900AC0C57 /* flixTests.xctest */;
			productType = "com.apple.product-type.bundle.unit-test";
		};
		CAD7973428D6783900AC0C57 /* flixUITests */ = {
			isa = PBXNativeTarget;
			buildConfigurationList = CAD7974528D6783900AC0C57 /* Build configuration list for PBXNativeTarget "flixUITests" */;
			buildPhases = (
				E9602BF8D7D9DAF83AC26F1D /* [CP] Check Pods Manifest.lock */,
				CAD7973128D6783900AC0C57 /* Sources */,
				CAD7973228D6783900AC0C57 /* Frameworks */,
				CAD7973328D6783900AC0C57 /* Resources */,
				B22A1D07F423D0D53C5ACF31 /* [CP] Embed Pods Frameworks */,
			);
			buildRules = (
			);
			dependencies = (
				CAD7973728D6783900AC0C57 /* PBXTargetDependency */,
			);
			name = flixUITests;
			productName = flixUITests;
			productReference = CAD7973528D6783900AC0C57 /* flixUITests.xctest */;
			productType = "com.apple.product-type.bundle.ui-testing";
		};
/* End PBXNativeTarget section */

/* Begin PBXProject section */
		CAD7970D28D6783700AC0C57 /* Project object */ = {
			isa = PBXProject;
			attributes = {
				BuildIndependentTargetsInParallel = 1;
				LastSwiftUpdateCheck = 1340;
				LastUpgradeCheck = 1340;
				TargetAttributes = {
					CAD7971428D6783700AC0C57 = {
						CreatedOnToolsVersion = 13.4.1;
					};
					CAD7972A28D6783900AC0C57 = {
						CreatedOnToolsVersion = 13.4.1;
						TestTargetID = CAD7971428D6783700AC0C57;
					};
					CAD7973428D6783900AC0C57 = {
						CreatedOnToolsVersion = 13.4.1;
						TestTargetID = CAD7971428D6783700AC0C57;
					};
				};
			};
			buildConfigurationList = CAD7971028D6783700AC0C57 /* Build configuration list for PBXProject "flix" */;
			compatibilityVersion = "Xcode 13.0";
			developmentRegion = en;
			hasScannedForEncodings = 0;
			knownRegions = (
				en,
				Base,
			);
			mainGroup = CAD7970C28D6783700AC0C57;
			packageReferences = (
				CAD7974A28D68AC900AC0C57 /* XCRemoteSwiftPackageReference "AlamofireImage" */,
				CAD7974D28D68B0A00AC0C57 /* XCRemoteSwiftPackageReference "AlamofireImage" */,
			);
			productRefGroup = CAD7971628D6783700AC0C57 /* Products */;
			projectDirPath = "";
			projectRoot = "";
			targets = (
				CAD7971428D6783700AC0C57 /* flix */,
				CAD7972A28D6783900AC0C57 /* flixTests */,
				CAD7973428D6783900AC0C57 /* flixUITests */,
			);
		};
/* End PBXProject section */

/* Begin PBXResourcesBuildPhase section */
		CAD7971328D6783700AC0C57 /* Resources */ = {
			isa = PBXResourcesBuildPhase;
			buildActionMask = 2147483647;
			files = (
				CAD7972528D6783900AC0C57 /* LaunchScreen.storyboard in Resources */,
				CAD7972228D6783900AC0C57 /* Assets.xcassets in Resources */,
				CAD7972028D6783700AC0C57 /* Main.storyboard in Resources */,
			);
			runOnlyForDeploymentPostprocessing = 0;
		};
		CAD7972928D6783900AC0C57 /* Resources */ = {
			isa = PBXResourcesBuildPhase;
			buildActionMask = 2147483647;
			files = (
			);
			runOnlyForDeploymentPostprocessing = 0;
		};
		CAD7973328D6783900AC0C57 /* Resources */ = {
			isa = PBXResourcesBuildPhase;
			buildActionMask = 2147483647;
			files = (
			);
			runOnlyForDeploymentPostprocessing = 0;
		};
/* End PBXResourcesBuildPhase section */

/* Begin PBXShellScriptBuildPhase section */
		0C1E9373409ECBDB2A54CBEB /* [CP] Check Pods Manifest.lock */ = {
			isa = PBXShellScriptBuildPhase;
			buildActionMask = 2147483647;
			files = (
			);
			inputFileListPaths = (
			);
			inputPaths = (
				"${PODS_PODFILE_DIR_PATH}/Podfile.lock",
				"${PODS_ROOT}/Manifest.lock",
			);
			name = "[CP] Check Pods Manifest.lock";
			outputFileListPaths = (
			);
			outputPaths = (
				"$(DERIVED_FILE_DIR)/Pods-flixTests-checkManifestLockResult.txt",
			);
			runOnlyForDeploymentPostprocessing = 0;
			shellPath = /bin/sh;
			shellScript = "diff \"${PODS_PODFILE_DIR_PATH}/Podfile.lock\" \"${PODS_ROOT}/Manifest.lock\" > /dev/null\nif [ $? != 0 ] ; then\n    # print error to STDERR\n    echo \"error: The sandbox is not in sync with the Podfile.lock. Run 'pod install' or update your CocoaPods installation.\" >&2\n    exit 1\nfi\n# This output is used by Xcode 'outputs' to avoid re-running this script phase.\necho \"SUCCESS\" > \"${SCRIPT_OUTPUT_FILE_0}\"\n";
			showEnvVarsInLog = 0;
		};
		2461A1079B8F530CDA3EF8E4 /* [CP] Check Pods Manifest.lock */ = {
			isa = PBXShellScriptBuildPhase;
			buildActionMask = 2147483647;
			files = (
			);
			inputFileListPaths = (
			);
			inputPaths = (
				"${PODS_PODFILE_DIR_PATH}/Podfile.lock",
				"${PODS_ROOT}/Manifest.lock",
			);
			name = "[CP] Check Pods Manifest.lock";
			outputFileListPaths = (
			);
			outputPaths = (
				"$(DERIVED_FILE_DIR)/Pods-flix-checkManifestLockResult.txt",
			);
			runOnlyForDeploymentPostprocessing = 0;
			shellPath = /bin/sh;
			shellScript = "diff \"${PODS_PODFILE_DIR_PATH}/Podfile.lock\" \"${PODS_ROOT}/Manifest.lock\" > /dev/null\nif [ $? != 0 ] ; then\n    # print error to STDERR\n    echo \"error: The sandbox is not in sync with the Podfile.lock. Run 'pod install' or update your CocoaPods installation.\" >&2\n    exit 1\nfi\n# This output is used by Xcode 'outputs' to avoid re-running this script phase.\necho \"SUCCESS\" > \"${SCRIPT_OUTPUT_FILE_0}\"\n";
			showEnvVarsInLog = 0;
		};
		B22A1D07F423D0D53C5ACF31 /* [CP] Embed Pods Frameworks */ = {
			isa = PBXShellScriptBuildPhase;
			buildActionMask = 2147483647;
			files = (
			);
			inputFileListPaths = (
				"${PODS_ROOT}/Target Support Files/Pods-flix-flixUITests/Pods-flix-flixUITests-frameworks-${CONFIGURATION}-input-files.xcfilelist",
			);
			name = "[CP] Embed Pods Frameworks";
			outputFileListPaths = (
				"${PODS_ROOT}/Target Support Files/Pods-flix-flixUITests/Pods-flix-flixUITests-frameworks-${CONFIGURATION}-output-files.xcfilelist",
			);
			runOnlyForDeploymentPostprocessing = 0;
			shellPath = /bin/sh;
			shellScript = "\"${PODS_ROOT}/Target Support Files/Pods-flix-flixUITests/Pods-flix-flixUITests-frameworks.sh\"\n";
			showEnvVarsInLog = 0;
		};
		C729B1439F80EB2779588C95 /* [CP] Embed Pods Frameworks */ = {
			isa = PBXShellScriptBuildPhase;
			buildActionMask = 2147483647;
			files = (
			);
			inputFileListPaths = (
				"${PODS_ROOT}/Target Support Files/Pods-flix/Pods-flix-frameworks-${CONFIGURATION}-input-files.xcfilelist",
			);
			name = "[CP] Embed Pods Frameworks";
			outputFileListPaths = (
				"${PODS_ROOT}/Target Support Files/Pods-flix/Pods-flix-frameworks-${CONFIGURATION}-output-files.xcfilelist",
			);
			runOnlyForDeploymentPostprocessing = 0;
			shellPath = /bin/sh;
			shellScript = "\"${PODS_ROOT}/Target Support Files/Pods-flix/Pods-flix-frameworks.sh\"\n";
			showEnvVarsInLog = 0;
		};
		E9602BF8D7D9DAF83AC26F1D /* [CP] Check Pods Manifest.lock */ = {
			isa = PBXShellScriptBuildPhase;
			buildActionMask = 2147483647;
			files = (
			);
			inputFileListPaths = (
			);
			inputPaths = (
				"${PODS_PODFILE_DIR_PATH}/Podfile.lock",
				"${PODS_ROOT}/Manifest.lock",
			);
			name = "[CP] Check Pods Manifest.lock";
			outputFileListPaths = (
			);
			outputPaths = (
				"$(DERIVED_FILE_DIR)/Pods-flix-flixUITests-checkManifestLockResult.txt",
			);
			runOnlyForDeploymentPostprocessing = 0;
			shellPath = /bin/sh;
			shellScript = "diff \"${PODS_PODFILE_DIR_PATH}/Podfile.lock\" \"${PODS_ROOT}/Manifest.lock\" > /dev/null\nif [ $? != 0 ] ; then\n    # print error to STDERR\n    echo \"error: The sandbox is not in sync with the Podfile.lock. Run 'pod install' or update your CocoaPods installation.\" >&2\n    exit 1\nfi\n# This output is used by Xcode 'outputs' to avoid re-running this script phase.\necho \"SUCCESS\" > \"${SCRIPT_OUTPUT_FILE_0}\"\n";
			showEnvVarsInLog = 0;
		};
/* End PBXShellScriptBuildPhase section */

/* Begin PBXSourcesBuildPhase section */
		CAD7971128D6783700AC0C57 /* Sources */ = {
			isa = PBXSourcesBuildPhase;
			buildActionMask = 2147483647;
			files = (
				CAD7971D28D6783700AC0C57 /* ViewController.swift in Sources */,
				CAD7971928D6783700AC0C57 /* AppDelegate.swift in Sources */,
				CAD7974928D6868A00AC0C57 /* MovieCell.swift in Sources */,
				CAD7971B28D6783700AC0C57 /* SceneDelegate.swift in Sources */,
			);
			runOnlyForDeploymentPostprocessing = 0;
		};
		CAD7972728D6783900AC0C57 /* Sources */ = {
			isa = PBXSourcesBuildPhase;
			buildActionMask = 2147483647;
			files = (
				CAD7973028D6783900AC0C57 /* flixTests.swift in Sources */,
			);
			runOnlyForDeploymentPostprocessing = 0;
		};
		CAD7973128D6783900AC0C57 /* Sources */ = {
			isa = PBXSourcesBuildPhase;
			buildActionMask = 2147483647;
			files = (
				CAD7973A28D6783900AC0C57 /* flixUITests.swift in Sources */,
				CAD7973C28D6783900AC0C57 /* flixUITestsLaunchTests.swift in Sources */,
			);
			runOnlyForDeploymentPostprocessing = 0;
		};
/* End PBXSourcesBuildPhase section */

/* Begin PBXTargetDependency section */
		CAD7972D28D6783900AC0C57 /* PBXTargetDependency */ = {
			isa = PBXTargetDependency;
			target = CAD7971428D6783700AC0C57 /* flix */;
			targetProxy = CAD7972C28D6783900AC0C57 /* PBXContainerItemProxy */;
		};
		CAD7973728D6783900AC0C57 /* PBXTargetDependency */ = {
			isa = PBXTargetDependency;
			target = CAD7971428D6783700AC0C57 /* flix */;
			targetProxy = CAD7973628D6783900AC0C57 /* PBXContainerItemProxy */;
		};
/* End PBXTargetDependency section */

/* Begin PBXVariantGroup section */
		CAD7971E28D6783700AC0C57 /* Main.storyboard */ = {
			isa = PBXVariantGroup;
			children = (
				CAD7971F28D6783700AC0C57 /* Base */,
			);
			name = Main.storyboard;
			sourceTree = "<group>";
		};
		CAD7972328D6783900AC0C57 /* LaunchScreen.storyboard */ = {
			isa = PBXVariantGroup;
			children = (
				CAD7972428D6783900AC0C57 /* Base */,
			);
			name = LaunchScreen.storyboard;
			sourceTree = "<group>";
		};
/* End PBXVariantGroup section */

/* Begin XCBuildConfiguration section */
		CAD7973D28D6783900AC0C57 /* Debug */ = {
			isa = XCBuildConfiguration;
			buildSettings = {
				ALWAYS_SEARCH_USER_PATHS = NO;
				CLANG_ANALYZER_NONNULL = YES;
				CLANG_ANALYZER_NUMBER_OBJECT_CONVERSION = YES_AGGRESSIVE;
				CLANG_CXX_LANGUAGE_STANDARD = "gnu++17";
				CLANG_ENABLE_MODULES = YES;
				CLANG_ENABLE_OBJC_ARC = YES;
				CLANG_ENABLE_OBJC_WEAK = YES;
				CLANG_WARN_BLOCK_CAPTURE_AUTORELEASING = YES;
				CLANG_WARN_BOOL_CONVERSION = YES;
				CLANG_WARN_COMMA = YES;
				CLANG_WARN_CONSTANT_CONVERSION = YES;
				CLANG_WARN_DEPRECATED_OBJC_IMPLEMENTATIONS = YES;
				CLANG_WARN_DIRECT_OBJC_ISA_USAGE = YES_ERROR;
				CLANG_WARN_DOCUMENTATION_COMMENTS = YES;
				CLANG_WARN_EMPTY_BODY = YES;
				CLANG_WARN_ENUM_CONVERSION = YES;
				CLANG_WARN_INFINITE_RECURSION = YES;
				CLANG_WARN_INT_CONVERSION = YES;
				CLANG_WARN_NON_LITERAL_NULL_CONVERSION = YES;
				CLANG_WARN_OBJC_IMPLICIT_RETAIN_SELF = YES;
				CLANG_WARN_OBJC_LITERAL_CONVERSION = YES;
				CLANG_WARN_OBJC_ROOT_CLASS = YES_ERROR;
				CLANG_WARN_QUOTED_INCLUDE_IN_FRAMEWORK_HEADER = YES;
				CLANG_WARN_RANGE_LOOP_ANALYSIS = YES;
				CLANG_WARN_STRICT_PROTOTYPES = YES;
				CLANG_WARN_SUSPICIOUS_MOVE = YES;
				CLANG_WARN_UNGUARDED_AVAILABILITY = YES_AGGRESSIVE;
				CLANG_WARN_UNREACHABLE_CODE = YES;
				CLANG_WARN__DUPLICATE_METHOD_MATCH = YES;
				COPY_PHASE_STRIP = NO;
				DEBUG_INFORMATION_FORMAT = dwarf;
				ENABLE_STRICT_OBJC_MSGSEND = YES;
				ENABLE_TESTABILITY = YES;
				GCC_C_LANGUAGE_STANDARD = gnu11;
				GCC_DYNAMIC_NO_PIC = NO;
				GCC_NO_COMMON_BLOCKS = YES;
				GCC_OPTIMIZATION_LEVEL = 0;
				GCC_PREPROCESSOR_DEFINITIONS = (
					"DEBUG=1",
					"$(inherited)",
				);
				GCC_WARN_64_TO_32_BIT_CONVERSION = YES;
				GCC_WARN_ABOUT_RETURN_TYPE = YES_ERROR;
				GCC_WARN_UNDECLARED_SELECTOR = YES;
				GCC_WARN_UNINITIALIZED_AUTOS = YES_AGGRESSIVE;
				GCC_WARN_UNUSED_FUNCTION = YES;
				GCC_WARN_UNUSED_VARIABLE = YES;
				IPHONEOS_DEPLOYMENT_TARGET = 15.5;
				MTL_ENABLE_DEBUG_INFO = INCLUDE_SOURCE;
				MTL_FAST_MATH = YES;
				ONLY_ACTIVE_ARCH = YES;
				SDKROOT = iphoneos;
				SWIFT_ACTIVE_COMPILATION_CONDITIONS = DEBUG;
				SWIFT_OPTIMIZATION_LEVEL = "-Onone";
			};
			name = Debug;
		};
		CAD7973E28D6783900AC0C57 /* Release */ = {
			isa = XCBuildConfiguration;
			buildSettings = {
				ALWAYS_SEARCH_USER_PATHS = NO;
				CLANG_ANALYZER_NONNULL = YES;
				CLANG_ANALYZER_NUMBER_OBJECT_CONVERSION = YES_AGGRESSIVE;
				CLANG_CXX_LANGUAGE_STANDARD = "gnu++17";
				CLANG_ENABLE_MODULES = YES;
				CLANG_ENABLE_OBJC_ARC = YES;
				CLANG_ENABLE_OBJC_WEAK = YES;
				CLANG_WARN_BLOCK_CAPTURE_AUTORELEASING = YES;
				CLANG_WARN_BOOL_CONVERSION = YES;
				CLANG_WARN_COMMA = YES;
				CLANG_WARN_CONSTANT_CONVERSION = YES;
				CLANG_WARN_DEPRECATED_OBJC_IMPLEMENTATIONS = YES;
				CLANG_WARN_DIRECT_OBJC_ISA_USAGE = YES_ERROR;
				CLANG_WARN_DOCUMENTATION_COMMENTS = YES;
				CLANG_WARN_EMPTY_BODY = YES;
				CLANG_WARN_ENUM_CONVERSION = YES;
				CLANG_WARN_INFINITE_RECURSION = YES;
				CLANG_WARN_INT_CONVERSION = YES;
				CLANG_WARN_NON_LITERAL_NULL_CONVERSION = YES;
				CLANG_WARN_OBJC_IMPLICIT_RETAIN_SELF = YES;
				CLANG_WARN_OBJC_LITERAL_CONVERSION = YES;
				CLANG_WARN_OBJC_ROOT_CLASS = YES_ERROR;
				CLANG_WARN_QUOTED_INCLUDE_IN_FRAMEWORK_HEADER = YES;
				CLANG_WARN_RANGE_LOOP_ANALYSIS = YES;
				CLANG_WARN_STRICT_PROTOTYPES = YES;
				CLANG_WARN_SUSPICIOUS_MOVE = YES;
				CLANG_WARN_UNGUARDED_AVAILABILITY = YES_AGGRESSIVE;
				CLANG_WARN_UNREACHABLE_CODE = YES;
				CLANG_WARN__DUPLICATE_METHOD_MATCH = YES;
				COPY_PHASE_STRIP = NO;
				DEBUG_INFORMATION_FORMAT = "dwarf-with-dsym";
				ENABLE_NS_ASSERTIONS = NO;
				ENABLE_STRICT_OBJC_MSGSEND = YES;
				GCC_C_LANGUAGE_STANDARD = gnu11;
				GCC_NO_COMMON_BLOCKS = YES;
				GCC_WARN_64_TO_32_BIT_CONVERSION = YES;
				GCC_WARN_ABOUT_RETURN_TYPE = YES_ERROR;
				GCC_WARN_UNDECLARED_SELECTOR = YES;
				GCC_WARN_UNINITIALIZED_AUTOS = YES_AGGRESSIVE;
				GCC_WARN_UNUSED_FUNCTION = YES;
				GCC_WARN_UNUSED_VARIABLE = YES;
				IPHONEOS_DEPLOYMENT_TARGET = 15.5;
				MTL_ENABLE_DEBUG_INFO = NO;
				MTL_FAST_MATH = YES;
				SDKROOT = iphoneos;
				SWIFT_COMPILATION_MODE = wholemodule;
				SWIFT_OPTIMIZATION_LEVEL = "-O";
				VALIDATE_PRODUCT = YES;
			};
			name = Release;
		};
		CAD7974028D6783900AC0C57 /* Debug */ = {
			isa = XCBuildConfiguration;
			baseConfigurationReference = B2DCDEA4F8D12E2C7C3C3CBF /* Pods-flix.debug.xcconfig */;
			buildSettings = {
				ASSETCATALOG_COMPILER_APPICON_NAME = AppIcon;
				ASSETCATALOG_COMPILER_GLOBAL_ACCENT_COLOR_NAME = AccentColor;
				CODE_SIGN_STYLE = Automatic;
				CURRENT_PROJECT_VERSION = 1;
				DEVELOPMENT_TEAM = 436S63W2QM;
				GENERATE_INFOPLIST_FILE = YES;
				INFOPLIST_FILE = flix/Info.plist;
				INFOPLIST_KEY_CFBundleDisplayName = Flix;
				INFOPLIST_KEY_UIApplicationSupportsIndirectInputEvents = YES;
				INFOPLIST_KEY_UILaunchStoryboardName = LaunchScreen;
				INFOPLIST_KEY_UIMainStoryboardFile = Main;
				INFOPLIST_KEY_UISupportedInterfaceOrientations_iPad = "UIInterfaceOrientationPortrait UIInterfaceOrientationPortraitUpsideDown UIInterfaceOrientationLandscapeLeft UIInterfaceOrientationLandscapeRight";
				INFOPLIST_KEY_UISupportedInterfaceOrientations_iPhone = "UIInterfaceOrientationPortrait UIInterfaceOrientationLandscapeLeft UIInterfaceOrientationLandscapeRight";
				LD_RUNPATH_SEARCH_PATHS = (
					"$(inherited)",
					"@executable_path/Frameworks",
				);
				MARKETING_VERSION = 1.0;
				PRODUCT_BUNDLE_IDENTIFIER = com.anshisingh.flix;
				PRODUCT_NAME = "$(TARGET_NAME)";
				SWIFT_EMIT_LOC_STRINGS = YES;
				SWIFT_VERSION = 5.0;
				TARGETED_DEVICE_FAMILY = "1,2";
			};
			name = Debug;
		};
		CAD7974128D6783900AC0C57 /* Release */ = {
			isa = XCBuildConfiguration;
			baseConfigurationReference = 674EBA4A3DB0F4D282C18532 /* Pods-flix.release.xcconfig */;
			buildSettings = {
				ASSETCATALOG_COMPILER_APPICON_NAME = AppIcon;
				ASSETCATALOG_COMPILER_GLOBAL_ACCENT_COLOR_NAME = AccentColor;
				CODE_SIGN_STYLE = Automatic;
				CURRENT_PROJECT_VERSION = 1;
				DEVELOPMENT_TEAM = 436S63W2QM;
				GENERATE_INFOPLIST_FILE = YES;
				INFOPLIST_FILE = flix/Info.plist;
				INFOPLIST_KEY_CFBundleDisplayName = Flix;
				INFOPLIST_KEY_UIApplicationSupportsIndirectInputEvents = YES;
				INFOPLIST_KEY_UILaunchStoryboardName = LaunchScreen;
				INFOPLIST_KEY_UIMainStoryboardFile = Main;
				INFOPLIST_KEY_UISupportedInterfaceOrientations_iPad = "UIInterfaceOrientationPortrait UIInterfaceOrientationPortraitUpsideDown UIInterfaceOrientationLandscapeLeft UIInterfaceOrientationLandscapeRight";
				INFOPLIST_KEY_UISupportedInterfaceOrientations_iPhone = "UIInterfaceOrientationPortrait UIInterfaceOrientationLandscapeLeft UIInterfaceOrientationLandscapeRight";
				LD_RUNPATH_SEARCH_PATHS = (
					"$(inherited)",
					"@executable_path/Frameworks",
				);
				MARKETING_VERSION = 1.0;
				PRODUCT_BUNDLE_IDENTIFIER = com.anshisingh.flix;
				PRODUCT_NAME = "$(TARGET_NAME)";
				SWIFT_EMIT_LOC_STRINGS = YES;
				SWIFT_VERSION = 5.0;
				TARGETED_DEVICE_FAMILY = "1,2";
			};
			name = Release;
		};
		CAD7974328D6783900AC0C57 /* Debug */ = {
			isa = XCBuildConfiguration;
			baseConfigurationReference = A264EE6C446D98C4D93E387B /* Pods-flixTests.debug.xcconfig */;
			buildSettings = {
				ALWAYS_EMBED_SWIFT_STANDARD_LIBRARIES = YES;
				BUNDLE_LOADER = "$(TEST_HOST)";
				CODE_SIGN_STYLE = Automatic;
				CURRENT_PROJECT_VERSION = 1;
				DEVELOPMENT_TEAM = 436S63W2QM;
				GENERATE_INFOPLIST_FILE = YES;
				IPHONEOS_DEPLOYMENT_TARGET = 15.5;
				MARKETING_VERSION = 1.0;
				PRODUCT_BUNDLE_IDENTIFIER = com.anshisingh730.flixTests;
				PRODUCT_NAME = "$(TARGET_NAME)";
				SWIFT_EMIT_LOC_STRINGS = NO;
				SWIFT_VERSION = 5.0;
				TARGETED_DEVICE_FAMILY = "1,2";
				TEST_HOST = "$(BUILT_PRODUCTS_DIR)/flix.app/flix";
			};
			name = Debug;
		};
		CAD7974428D6783900AC0C57 /* Release */ = {
			isa = XCBuildConfiguration;
			baseConfigurationReference = C7524632A1E0351E655B31AA /* Pods-flixTests.release.xcconfig */;
			buildSettings = {
				ALWAYS_EMBED_SWIFT_STANDARD_LIBRARIES = YES;
				BUNDLE_LOADER = "$(TEST_HOST)";
				CODE_SIGN_STYLE = Automatic;
				CURRENT_PROJECT_VERSION = 1;
				DEVELOPMENT_TEAM = 436S63W2QM;
				GENERATE_INFOPLIST_FILE = YES;
				IPHONEOS_DEPLOYMENT_TARGET = 15.5;
				MARKETING_VERSION = 1.0;
				PRODUCT_BUNDLE_IDENTIFIER = com.anshisingh730.flixTests;
				PRODUCT_NAME = "$(TARGET_NAME)";
				SWIFT_EMIT_LOC_STRINGS = NO;
				SWIFT_VERSION = 5.0;
				TARGETED_DEVICE_FAMILY = "1,2";
				TEST_HOST = "$(BUILT_PRODUCTS_DIR)/flix.app/flix";
			};
			name = Release;
		};
		CAD7974628D6783900AC0C57 /* Debug */ = {
			isa = XCBuildConfiguration;
			baseConfigurationReference = 55FACFAB85320F6B6907F7C0 /* Pods-flix-flixUITests.debug.xcconfig */;
			buildSettings = {
				ALWAYS_EMBED_SWIFT_STANDARD_LIBRARIES = YES;
				CODE_SIGN_STYLE = Automatic;
				CURRENT_PROJECT_VERSION = 1;
				DEVELOPMENT_TEAM = 436S63W2QM;
				GENERATE_INFOPLIST_FILE = YES;
				MARKETING_VERSION = 1.0;
				PRODUCT_BUNDLE_IDENTIFIER = com.anshisingh730.flixUITests;
				PRODUCT_NAME = "$(TARGET_NAME)";
				SWIFT_EMIT_LOC_STRINGS = NO;
				SWIFT_VERSION = 5.0;
				TARGETED_DEVICE_FAMILY = "1,2";
				TEST_TARGET_NAME = flix;
			};
			name = Debug;
		};
		CAD7974728D6783900AC0C57 /* Release */ = {
			isa = XCBuildConfiguration;
			baseConfigurationReference = 7E90C3580CC132E3BFD3D841 /* Pods-flix-flixUITests.release.xcconfig */;
			buildSettings = {
				ALWAYS_EMBED_SWIFT_STANDARD_LIBRARIES = YES;
				CODE_SIGN_STYLE = Automatic;
				CURRENT_PROJECT_VERSION = 1;
				DEVELOPMENT_TEAM = 436S63W2QM;
				GENERATE_INFOPLIST_FILE = YES;
				MARKETING_VERSION = 1.0;
				PRODUCT_BUNDLE_IDENTIFIER = com.anshisingh730.flixUITests;
				PRODUCT_NAME = "$(TARGET_NAME)";
				SWIFT_EMIT_LOC_STRINGS = NO;
				SWIFT_VERSION = 5.0;
				TARGETED_DEVICE_FAMILY = "1,2";
				TEST_TARGET_NAME = flix;
			};
			name = Release;
		};
/* End XCBuildConfiguration section */

/* Begin XCConfigurationList section */
		CAD7971028D6783700AC0C57 /* Build configuration list for PBXProject "flix" */ = {
			isa = XCConfigurationList;
			buildConfigurations = (
				CAD7973D28D6783900AC0C57 /* Debug */,
				CAD7973E28D6783900AC0C57 /* Release */,
			);
			defaultConfigurationIsVisible = 0;
			defaultConfigurationName = Release;
		};
		CAD7973F28D6783900AC0C57 /* Build configuration list for PBXNativeTarget "flix" */ = {
			isa = XCConfigurationList;
			buildConfigurations = (
				CAD7974028D6783900AC0C57 /* Debug */,
				CAD7974128D6783900AC0C57 /* Release */,
			);
			defaultConfigurationIsVisible = 0;
			defaultConfigurationName = Release;
		};
		CAD7974228D6783900AC0C57 /* Build configuration list for PBXNativeTarget "flixTests" */ = {
			isa = XCConfigurationList;
			buildConfigurations = (
				CAD7974328D6783900AC0C57 /* Debug */,
				CAD7974428D6783900AC0C57 /* Release */,
			);
			defaultConfigurationIsVisible = 0;
			defaultConfigurationName = Release;
		};
		CAD7974528D6783900AC0C57 /* Build configuration list for PBXNativeTarget "flixUITests" */ = {
			isa = XCConfigurationList;
			buildConfigurations = (
				CAD7974628D6783900AC0C57 /* Debug */,
				CAD7974728D6783900AC0C57 /* Release */,
			);
			defaultConfigurationIsVisible = 0;
			defaultConfigurationName = Release;
		};
/* End XCConfigurationList section */

/* Begin XCRemoteSwiftPackageReference section */
		CAD7974A28D68AC900AC0C57 /* XCRemoteSwiftPackageReference "AlamofireImage" */ = {
			isa = XCRemoteSwiftPackageReference;
			repositoryURL = "https://github.com/Alamofire/AlamofireImage";
			requirement = {
				branch = master;
				kind = branch;
			};
		};
		CAD7974D28D68B0A00AC0C57 /* XCRemoteSwiftPackageReference "AlamofireImage" */ = {
			isa = XCRemoteSwiftPackageReference;
			repositoryURL = "https://github.com/Alamofire/AlamofireImage";
			requirement = {
				kind = upToNextMajorVersion;
				minimumVersion = 4.0.0;
			};
		};
/* End XCRemoteSwiftPackageReference section */

/* Begin XCSwiftPackageProductDependency section */
		CAD7974B28D68AC900AC0C57 /* AlamofireImage */ = {
			isa = XCSwiftPackageProductDependency;
			package = CAD7974A28D68AC900AC0C57 /* XCRemoteSwiftPackageReference "AlamofireImage" */;
			productName = AlamofireImage;
		};
		CAD7974E28D68B0A00AC0C57 /* AlamofireImage */ = {
			isa = XCSwiftPackageProductDependency;
			package = CAD7974D28D68B0A00AC0C57 /* XCRemoteSwiftPackageReference "AlamofireImage" */;
			productName = AlamofireImage;
		};
/* End XCSwiftPackageProductDependency section */
	};
	rootObject = CAD7970D28D6783700AC0C57 /* Project object */;
}
